// !$*UTF8*$!
{
	archiveVersion = 1;
	classes = {
	};
	objectVersion = 55;
	objects = {

/* Begin PBXBuildFile section */
		755037F1288CDAEB0052B8EC /* ListView.swift in Sources */ = {isa = PBXBuildFile; fileRef = 755037F0288CDAEB0052B8EC /* ListView.swift */; };
		75552E3C28766C0E0016CC6A /* gamelistApp.swift in Sources */ = {isa = PBXBuildFile; fileRef = 75552E3B28766C0E0016CC6A /* gamelistApp.swift */; };
		75552E3E28766C0E0016CC6A /* LoginView.swift in Sources */ = {isa = PBXBuildFile; fileRef = 75552E3D28766C0E0016CC6A /* LoginView.swift */; };
		75552E4028766C0E0016CC6A /* Assets.xcassets in Resources */ = {isa = PBXBuildFile; fileRef = 75552E3F28766C0E0016CC6A /* Assets.xcassets */; };
		75552E4328766C0E0016CC6A /* Preview Assets.xcassets in Resources */ = {isa = PBXBuildFile; fileRef = 75552E4228766C0E0016CC6A /* Preview Assets.xcassets */; };
		75552E4D28766C0E0016CC6A /* gamelistTests.swift in Sources */ = {isa = PBXBuildFile; fileRef = 75552E4C28766C0E0016CC6A /* gamelistTests.swift */; };
		75552E5728766C0F0016CC6A /* gamelistUITests.swift in Sources */ = {isa = PBXBuildFile; fileRef = 75552E5628766C0F0016CC6A /* gamelistUITests.swift */; };
		75552E5928766C0F0016CC6A /* gamelistUITestsLaunchTests.swift in Sources */ = {isa = PBXBuildFile; fileRef = 75552E5828766C0F0016CC6A /* gamelistUITestsLaunchTests.swift */; };
		75552E6628766E750016CC6A /* KeyboardResponder.swift in Sources */ = {isa = PBXBuildFile; fileRef = 75552E6528766E750016CC6A /* KeyboardResponder.swift */; };
		7558149B2889EE2400459152 /* register.swift in Sources */ = {isa = PBXBuildFile; fileRef = 7558149A2889EE2400459152 /* register.swift */; };
		7558149D288B0F0B00459152 /* search.swift in Sources */ = {isa = PBXBuildFile; fileRef = 7558149C288B0F0B00459152 /* search.swift */; };
		7558343D2885DE0300063C0E /* decoder.swift in Sources */ = {isa = PBXBuildFile; fileRef = 7558343C2885DE0300063C0E /* decoder.swift */; };
		7558343F2885E06D00063C0E /* constants.swift in Sources */ = {isa = PBXBuildFile; fileRef = 7558343E2885E06D00063C0E /* constants.swift */; };
		75640D7B2888C61D003575D7 /* AppData.swift in Sources */ = {isa = PBXBuildFile; fileRef = 75640D7A2888C61D003575D7 /* AppData.swift */; };
		7598D278288DE48000BBA00F /* classes.swift in Sources */ = {isa = PBXBuildFile; fileRef = 7598D277288DE48000BBA00F /* classes.swift */; };
		7598D27A288DE94500BBA00F /* TestData.swift in Sources */ = {isa = PBXBuildFile; fileRef = 7598D279288DE94500BBA00F /* TestData.swift */; };
		7598D27C288DE9A600BBA00F /* .gitignore in Resources */ = {isa = PBXBuildFile; fileRef = 7598D27B288DE9A600BBA00F /* .gitignore */; };
		75C2F0F72880A32A00B4DDD6 /* Settings.bundle in Resources */ = {isa = PBXBuildFile; fileRef = 75C2F0F62880A32A00B4DDD6 /* Settings.bundle */; };
		75C6AFBC288DB9460077FC56 /* ListCell.swift in Sources */ = {isa = PBXBuildFile; fileRef = 75C6AFBB288DB9460077FC56 /* ListCell.swift */; };
		75F65EE0287FA29E000FBA8F /* AccountPage.swift in Sources */ = {isa = PBXBuildFile; fileRef = 75F65EDF287FA29E000FBA8F /* AccountPage.swift */; };
		75F65EE2287FA3E0000FBA8F /* HomePage.swift in Sources */ = {isa = PBXBuildFile; fileRef = 75F65EE1287FA3E0000FBA8F /* HomePage.swift */; };
		75F65EE4287FA470000FBA8F /* MyListPage.swift in Sources */ = {isa = PBXBuildFile; fileRef = 75F65EE3287FA470000FBA8F /* MyListPage.swift */; };
		75FB1BDA287F4F1300033702 /* login.swift in Sources */ = {isa = PBXBuildFile; fileRef = 75FB1BD9287F4F1300033702 /* login.swift */; };
		75FB1BDC287F4FB500033702 /* RegisterView.swift in Sources */ = {isa = PBXBuildFile; fileRef = 75FB1BDB287F4FB500033702 /* RegisterView.swift */; };
		75FB1BDE287F7BF100033702 /* MainView.swift in Sources */ = {isa = PBXBuildFile; fileRef = 75FB1BDD287F7BF100033702 /* MainView.swift */; };
		75FB1BE5287F851F00033702 /* WebView.swift in Sources */ = {isa = PBXBuildFile; fileRef = 75FB1BE4287F851F00033702 /* WebView.swift */; };
/* End PBXBuildFile section */

/* Begin PBXContainerItemProxy section */
		75552E4928766C0E0016CC6A /* PBXContainerItemProxy */ = {
			isa = PBXContainerItemProxy;
			containerPortal = 75552E3028766C0E0016CC6A /* Project object */;
			proxyType = 1;
			remoteGlobalIDString = 75552E3728766C0E0016CC6A;
			remoteInfo = gamelist;
		};
		75552E5328766C0F0016CC6A /* PBXContainerItemProxy */ = {
			isa = PBXContainerItemProxy;
			containerPortal = 75552E3028766C0E0016CC6A /* Project object */;
			proxyType = 1;
			remoteGlobalIDString = 75552E3728766C0E0016CC6A;
			remoteInfo = gamelist;
		};
/* End PBXContainerItemProxy section */

/* Begin PBXFileReference section */
		755037F0288CDAEB0052B8EC /* ListView.swift */ = {isa = PBXFileReference; lastKnownFileType = sourcecode.swift; path = ListView.swift; sourceTree = "<group>"; };
		75552E3828766C0E0016CC6A /* gamelist.app */ = {isa = PBXFileReference; explicitFileType = wrapper.application; includeInIndex = 0; path = gamelist.app; sourceTree = BUILT_PRODUCTS_DIR; };
		75552E3B28766C0E0016CC6A /* gamelistApp.swift */ = {isa = PBXFileReference; lastKnownFileType = sourcecode.swift; path = gamelistApp.swift; sourceTree = "<group>"; };
		75552E3D28766C0E0016CC6A /* LoginView.swift */ = {isa = PBXFileReference; lastKnownFileType = sourcecode.swift; path = LoginView.swift; sourceTree = "<group>"; };
		75552E3F28766C0E0016CC6A /* Assets.xcassets */ = {isa = PBXFileReference; lastKnownFileType = folder.assetcatalog; path = Assets.xcassets; sourceTree = "<group>"; };
		75552E4228766C0E0016CC6A /* Preview Assets.xcassets */ = {isa = PBXFileReference; lastKnownFileType = folder.assetcatalog; path = "Preview Assets.xcassets"; sourceTree = "<group>"; };
		75552E4828766C0E0016CC6A /* gamelistTests.xctest */ = {isa = PBXFileReference; explicitFileType = wrapper.cfbundle; includeInIndex = 0; path = gamelistTests.xctest; sourceTree = BUILT_PRODUCTS_DIR; };
		75552E4C28766C0E0016CC6A /* gamelistTests.swift */ = {isa = PBXFileReference; lastKnownFileType = sourcecode.swift; path = gamelistTests.swift; sourceTree = "<group>"; };
		75552E5228766C0F0016CC6A /* gamelistUITests.xctest */ = {isa = PBXFileReference; explicitFileType = wrapper.cfbundle; includeInIndex = 0; path = gamelistUITests.xctest; sourceTree = BUILT_PRODUCTS_DIR; };
		75552E5628766C0F0016CC6A /* gamelistUITests.swift */ = {isa = PBXFileReference; lastKnownFileType = sourcecode.swift; path = gamelistUITests.swift; sourceTree = "<group>"; };
		75552E5828766C0F0016CC6A /* gamelistUITestsLaunchTests.swift */ = {isa = PBXFileReference; lastKnownFileType = sourcecode.swift; path = gamelistUITestsLaunchTests.swift; sourceTree = "<group>"; };
		75552E6528766E750016CC6A /* KeyboardResponder.swift */ = {isa = PBXFileReference; lastKnownFileType = sourcecode.swift; path = KeyboardResponder.swift; sourceTree = "<group>"; };
		7558149A2889EE2400459152 /* register.swift */ = {isa = PBXFileReference; lastKnownFileType = sourcecode.swift; path = register.swift; sourceTree = "<group>"; };
		7558149C288B0F0B00459152 /* search.swift */ = {isa = PBXFileReference; lastKnownFileType = sourcecode.swift; path = search.swift; sourceTree = "<group>"; };
		7558343C2885DE0300063C0E /* decoder.swift */ = {isa = PBXFileReference; lastKnownFileType = sourcecode.swift; path = decoder.swift; sourceTree = "<group>"; };
		7558343E2885E06D00063C0E /* constants.swift */ = {isa = PBXFileReference; lastKnownFileType = sourcecode.swift; path = constants.swift; sourceTree = "<group>"; };
		75640D7A2888C61D003575D7 /* AppData.swift */ = {isa = PBXFileReference; lastKnownFileType = sourcecode.swift; path = AppData.swift; sourceTree = "<group>"; };
		7598D277288DE48000BBA00F /* classes.swift */ = {isa = PBXFileReference; lastKnownFileType = sourcecode.swift; path = classes.swift; sourceTree = "<group>"; };
		7598D279288DE94500BBA00F /* TestData.swift */ = {isa = PBXFileReference; lastKnownFileType = sourcecode.swift; path = TestData.swift; sourceTree = "<group>"; };
		7598D27B288DE9A600BBA00F /* .gitignore */ = {isa = PBXFileReference; lastKnownFileType = text; path = .gitignore; sourceTree = "<group>"; };
		75C2F0F62880A32A00B4DDD6 /* Settings.bundle */ = {isa = PBXFileReference; lastKnownFileType = "wrapper.plug-in"; path = Settings.bundle; sourceTree = "<group>"; };
		75C6AFBB288DB9460077FC56 /* ListCell.swift */ = {isa = PBXFileReference; lastKnownFileType = sourcecode.swift; path = ListCell.swift; sourceTree = "<group>"; };
		75F65EDF287FA29E000FBA8F /* AccountPage.swift */ = {isa = PBXFileReference; lastKnownFileType = sourcecode.swift; path = AccountPage.swift; sourceTree = "<group>"; };
		75F65EE1287FA3E0000FBA8F /* HomePage.swift */ = {isa = PBXFileReference; lastKnownFileType = sourcecode.swift; path = HomePage.swift; sourceTree = "<group>"; };
		75F65EE3287FA470000FBA8F /* MyListPage.swift */ = {isa = PBXFileReference; lastKnownFileType = sourcecode.swift; path = MyListPage.swift; sourceTree = "<group>"; };
		75FB1BD9287F4F1300033702 /* login.swift */ = {isa = PBXFileReference; lastKnownFileType = sourcecode.swift; path = login.swift; sourceTree = "<group>"; };
		75FB1BDB287F4FB500033702 /* RegisterView.swift */ = {isa = PBXFileReference; lastKnownFileType = sourcecode.swift; path = RegisterView.swift; sourceTree = "<group>"; };
		75FB1BDD287F7BF100033702 /* MainView.swift */ = {isa = PBXFileReference; lastKnownFileType = sourcecode.swift; path = MainView.swift; sourceTree = "<group>"; };
		75FB1BE4287F851F00033702 /* WebView.swift */ = {isa = PBXFileReference; lastKnownFileType = sourcecode.swift; path = WebView.swift; sourceTree = "<group>"; };
/* End PBXFileReference section */

/* Begin PBXFrameworksBuildPhase section */
		75552E3528766C0E0016CC6A /* Frameworks */ = {
			isa = PBXFrameworksBuildPhase;
			buildActionMask = 2147483647;
			files = (
			);
			runOnlyForDeploymentPostprocessing = 0;
		};
		75552E4528766C0E0016CC6A /* Frameworks */ = {
			isa = PBXFrameworksBuildPhase;
			buildActionMask = 2147483647;
			files = (
			);
			runOnlyForDeploymentPostprocessing = 0;
		};
		75552E4F28766C0F0016CC6A /* Frameworks */ = {
			isa = PBXFrameworksBuildPhase;
			buildActionMask = 2147483647;
			files = (
			);
			runOnlyForDeploymentPostprocessing = 0;
		};
/* End PBXFrameworksBuildPhase section */

/* Begin PBXGroup section */
		75070D67288C79030015C99F /* Models */ = {
			isa = PBXGroup;
			children = (
				755037F0288CDAEB0052B8EC /* ListView.swift */,
				75552E3D28766C0E0016CC6A /* LoginView.swift */,
				75FB1BDB287F4FB500033702 /* RegisterView.swift */,
				75FB1BE4287F851F00033702 /* WebView.swift */,
				75C6AFBB288DB9460077FC56 /* ListCell.swift */,
			);
			path = Models;
			sourceTree = "<group>";
		};
		75552E2F28766C0E0016CC6A = {
			isa = PBXGroup;
			children = (
				7598D27B288DE9A600BBA00F /* .gitignore */,
				75552E3A28766C0E0016CC6A /* gamelist */,
				75552E4B28766C0E0016CC6A /* gamelistTests */,
				75552E5528766C0F0016CC6A /* gamelistUITests */,
				75552E3928766C0E0016CC6A /* Products */,
			);
			sourceTree = "<group>";
		};
		75552E3928766C0E0016CC6A /* Products */ = {
			isa = PBXGroup;
			children = (
				75552E3828766C0E0016CC6A /* gamelist.app */,
				75552E4828766C0E0016CC6A /* gamelistTests.xctest */,
				75552E5228766C0F0016CC6A /* gamelistUITests.xctest */,
			);
			name = Products;
			sourceTree = "<group>";
		};
		75552E3A28766C0E0016CC6A /* gamelist */ = {
			isa = PBXGroup;
			children = (
				7598D279288DE94500BBA00F /* TestData.swift */,
				75C2F0F62880A32A00B4DDD6 /* Settings.bundle */,
				75FB1BD8287F4E5600033702 /* Views */,
				75FB1BD7287F4E4B00033702 /* API */,
				75552E3B28766C0E0016CC6A /* gamelistApp.swift */,
				75552E6528766E750016CC6A /* KeyboardResponder.swift */,
				75640D7A2888C61D003575D7 /* AppData.swift */,
				75552E3F28766C0E0016CC6A /* Assets.xcassets */,
				75552E4128766C0E0016CC6A /* Preview Content */,
			);
			path = gamelist;
			sourceTree = "<group>";
		};
		75552E4128766C0E0016CC6A /* Preview Content */ = {
			isa = PBXGroup;
			children = (
				75552E4228766C0E0016CC6A /* Preview Assets.xcassets */,
			);
			path = "Preview Content";
			sourceTree = "<group>";
		};
		75552E4B28766C0E0016CC6A /* gamelistTests */ = {
			isa = PBXGroup;
			children = (
				75552E4C28766C0E0016CC6A /* gamelistTests.swift */,
			);
			path = gamelistTests;
			sourceTree = "<group>";
		};
		75552E5528766C0F0016CC6A /* gamelistUITests */ = {
			isa = PBXGroup;
			children = (
				75552E5628766C0F0016CC6A /* gamelistUITests.swift */,
				75552E5828766C0F0016CC6A /* gamelistUITestsLaunchTests.swift */,
			);
			path = gamelistUITests;
			sourceTree = "<group>";
		};
		75F65EE5287FA591000FBA8F /* Tabs */ = {
			isa = PBXGroup;
			children = (
				75F65EDF287FA29E000FBA8F /* AccountPage.swift */,
				75F65EE1287FA3E0000FBA8F /* HomePage.swift */,
				75F65EE3287FA470000FBA8F /* MyListPage.swift */,
			);
			path = Tabs;
			sourceTree = "<group>";
		};
		75FB1BD7287F4E4B00033702 /* API */ = {
			isa = PBXGroup;
			children = (
				75FB1BD9287F4F1300033702 /* login.swift */,
				7558343C2885DE0300063C0E /* decoder.swift */,
				7558343E2885E06D00063C0E /* constants.swift */,
				7558149A2889EE2400459152 /* register.swift */,
				7558149C288B0F0B00459152 /* search.swift */,
				7598D277288DE48000BBA00F /* classes.swift */,
			);
			path = API;
			sourceTree = "<group>";
		};
		75FB1BD8287F4E5600033702 /* Views */ = {
			isa = PBXGroup;
			children = (
				75FB1BDD287F7BF100033702 /* MainView.swift */,
				75F65EE5287FA591000FBA8F /* Tabs */,
				75070D67288C79030015C99F /* Models */,
			);
			path = Views;
			sourceTree = "<group>";
		};
/* End PBXGroup section */

/* Begin PBXNativeTarget section */
		75552E3728766C0E0016CC6A /* gamelist */ = {
			isa = PBXNativeTarget;
			buildConfigurationList = 75552E5C28766C0F0016CC6A /* Build configuration list for PBXNativeTarget "gamelist" */;
			buildPhases = (
				75552E3428766C0E0016CC6A /* Sources */,
				75552E3528766C0E0016CC6A /* Frameworks */,
				75552E3628766C0E0016CC6A /* Resources */,
			);
			buildRules = (
			);
			dependencies = (
			);
			name = gamelist;
			productName = gamelist;
			productReference = 75552E3828766C0E0016CC6A /* gamelist.app */;
			productType = "com.apple.product-type.application";
		};
		75552E4728766C0E0016CC6A /* gamelistTests */ = {
			isa = PBXNativeTarget;
			buildConfigurationList = 75552E5F28766C0F0016CC6A /* Build configuration list for PBXNativeTarget "gamelistTests" */;
			buildPhases = (
				75552E4428766C0E0016CC6A /* Sources */,
				75552E4528766C0E0016CC6A /* Frameworks */,
				75552E4628766C0E0016CC6A /* Resources */,
			);
			buildRules = (
			);
			dependencies = (
				75552E4A28766C0E0016CC6A /* PBXTargetDependency */,
			);
			name = gamelistTests;
			productName = gamelistTests;
			productReference = 75552E4828766C0E0016CC6A /* gamelistTests.xctest */;
			productType = "com.apple.product-type.bundle.unit-test";
		};
		75552E5128766C0F0016CC6A /* gamelistUITests */ = {
			isa = PBXNativeTarget;
			buildConfigurationList = 75552E6228766C0F0016CC6A /* Build configuration list for PBXNativeTarget "gamelistUITests" */;
			buildPhases = (
				75552E4E28766C0F0016CC6A /* Sources */,
				75552E4F28766C0F0016CC6A /* Frameworks */,
				75552E5028766C0F0016CC6A /* Resources */,
			);
			buildRules = (
			);
			dependencies = (
				75552E5428766C0F0016CC6A /* PBXTargetDependency */,
			);
			name = gamelistUITests;
			productName = gamelistUITests;
			productReference = 75552E5228766C0F0016CC6A /* gamelistUITests.xctest */;
			productType = "com.apple.product-type.bundle.ui-testing";
		};
/* End PBXNativeTarget section */

/* Begin PBXProject section */
		75552E3028766C0E0016CC6A /* Project object */ = {
			isa = PBXProject;
			attributes = {
				BuildIndependentTargetsInParallel = 1;
				LastSwiftUpdateCheck = 1340;
				LastUpgradeCheck = 1340;
				TargetAttributes = {
					75552E3728766C0E0016CC6A = {
						CreatedOnToolsVersion = 13.4.1;
					};
					75552E4728766C0E0016CC6A = {
						CreatedOnToolsVersion = 13.4.1;
						TestTargetID = 75552E3728766C0E0016CC6A;
					};
					75552E5128766C0F0016CC6A = {
						CreatedOnToolsVersion = 13.4.1;
						TestTargetID = 75552E3728766C0E0016CC6A;
					};
				};
			};
			buildConfigurationList = 75552E3328766C0E0016CC6A /* Build configuration list for PBXProject "gamelist" */;
			compatibilityVersion = "Xcode 13.0";
			developmentRegion = en;
			hasScannedForEncodings = 0;
			knownRegions = (
				en,
				Base,
			);
			mainGroup = 75552E2F28766C0E0016CC6A;
			productRefGroup = 75552E3928766C0E0016CC6A /* Products */;
			projectDirPath = "";
			projectRoot = "";
			targets = (
				75552E3728766C0E0016CC6A /* gamelist */,
				75552E4728766C0E0016CC6A /* gamelistTests */,
				75552E5128766C0F0016CC6A /* gamelistUITests */,
			);
		};
/* End PBXProject section */

/* Begin PBXResourcesBuildPhase section */
		75552E3628766C0E0016CC6A /* Resources */ = {
			isa = PBXResourcesBuildPhase;
			buildActionMask = 2147483647;
			files = (
				7598D27C288DE9A600BBA00F /* .gitignore in Resources */,
				75552E4328766C0E0016CC6A /* Preview Assets.xcassets in Resources */,
				75C2F0F72880A32A00B4DDD6 /* Settings.bundle in Resources */,
				75552E4028766C0E0016CC6A /* Assets.xcassets in Resources */,
			);
			runOnlyForDeploymentPostprocessing = 0;
		};
		75552E4628766C0E0016CC6A /* Resources */ = {
			isa = PBXResourcesBuildPhase;
			buildActionMask = 2147483647;
			files = (
			);
			runOnlyForDeploymentPostprocessing = 0;
		};
		75552E5028766C0F0016CC6A /* Resources */ = {
			isa = PBXResourcesBuildPhase;
			buildActionMask = 2147483647;
			files = (
			);
			runOnlyForDeploymentPostprocessing = 0;
		};
/* End PBXResourcesBuildPhase section */

/* Begin PBXSourcesBuildPhase section */
		75552E3428766C0E0016CC6A /* Sources */ = {
			isa = PBXSourcesBuildPhase;
			buildActionMask = 2147483647;
			files = (
				75640D7B2888C61D003575D7 /* AppData.swift in Sources */,
				75F65EE4287FA470000FBA8F /* MyListPage.swift in Sources */,
				75F65EE0287FA29E000FBA8F /* AccountPage.swift in Sources */,
				755037F1288CDAEB0052B8EC /* ListView.swift in Sources */,
				75FB1BDC287F4FB500033702 /* RegisterView.swift in Sources */,
				7598D278288DE48000BBA00F /* classes.swift in Sources */,
				75FB1BE5287F851F00033702 /* WebView.swift in Sources */,
				75552E3E28766C0E0016CC6A /* LoginView.swift in Sources */,
				75F65EE2287FA3E0000FBA8F /* HomePage.swift in Sources */,
				75FB1BDE287F7BF100033702 /* MainView.swift in Sources */,
				75552E3C28766C0E0016CC6A /* gamelistApp.swift in Sources */,
				75552E6628766E750016CC6A /* KeyboardResponder.swift in Sources */,
				75C6AFBC288DB9460077FC56 /* ListCell.swift in Sources */,
				7598D27A288DE94500BBA00F /* TestData.swift in Sources */,
				7558343D2885DE0300063C0E /* decoder.swift in Sources */,
				75FB1BDA287F4F1300033702 /* login.swift in Sources */,
				7558149D288B0F0B00459152 /* search.swift in Sources */,
				7558149B2889EE2400459152 /* register.swift in Sources */,
				7558343F2885E06D00063C0E /* constants.swift in Sources */,
			);
			runOnlyForDeploymentPostprocessing = 0;
		};
		75552E4428766C0E0016CC6A /* Sources */ = {
			isa = PBXSourcesBuildPhase;
			buildActionMask = 2147483647;
			files = (
				75552E4D28766C0E0016CC6A /* gamelistTests.swift in Sources */,
			);
			runOnlyForDeploymentPostprocessing = 0;
		};
		75552E4E28766C0F0016CC6A /* Sources */ = {
			isa = PBXSourcesBuildPhase;
			buildActionMask = 2147483647;
			files = (
				75552E5928766C0F0016CC6A /* gamelistUITestsLaunchTests.swift in Sources */,
				75552E5728766C0F0016CC6A /* gamelistUITests.swift in Sources */,
			);
			runOnlyForDeploymentPostprocessing = 0;
		};
/* End PBXSourcesBuildPhase section */

/* Begin PBXTargetDependency section */
		75552E4A28766C0E0016CC6A /* PBXTargetDependency */ = {
			isa = PBXTargetDependency;
			target = 75552E3728766C0E0016CC6A /* gamelist */;
			targetProxy = 75552E4928766C0E0016CC6A /* PBXContainerItemProxy */;
		};
		75552E5428766C0F0016CC6A /* PBXTargetDependency */ = {
			isa = PBXTargetDependency;
			target = 75552E3728766C0E0016CC6A /* gamelist */;
			targetProxy = 75552E5328766C0F0016CC6A /* PBXContainerItemProxy */;
		};
/* End PBXTargetDependency section */

/* Begin XCBuildConfiguration section */
		75552E5A28766C0F0016CC6A /* Debug */ = {
			isa = XCBuildConfiguration;
			buildSettings = {
				ALWAYS_SEARCH_USER_PATHS = NO;
				CLANG_ANALYZER_NONNULL = YES;
				CLANG_ANALYZER_NUMBER_OBJECT_CONVERSION = YES_AGGRESSIVE;
				CLANG_CXX_LANGUAGE_STANDARD = "gnu++17";
				CLANG_ENABLE_MODULES = YES;
				CLANG_ENABLE_OBJC_ARC = YES;
				CLANG_ENABLE_OBJC_WEAK = YES;
				CLANG_WARN_BLOCK_CAPTURE_AUTORELEASING = YES;
				CLANG_WARN_BOOL_CONVERSION = YES;
				CLANG_WARN_COMMA = YES;
				CLANG_WARN_CONSTANT_CONVERSION = YES;
				CLANG_WARN_DEPRECATED_OBJC_IMPLEMENTATIONS = YES;
				CLANG_WARN_DIRECT_OBJC_ISA_USAGE = YES_ERROR;
				CLANG_WARN_DOCUMENTATION_COMMENTS = YES;
				CLANG_WARN_EMPTY_BODY = YES;
				CLANG_WARN_ENUM_CONVERSION = YES;
				CLANG_WARN_INFINITE_RECURSION = YES;
				CLANG_WARN_INT_CONVERSION = YES;
				CLANG_WARN_NON_LITERAL_NULL_CONVERSION = YES;
				CLANG_WARN_OBJC_IMPLICIT_RETAIN_SELF = YES;
				CLANG_WARN_OBJC_LITERAL_CONVERSION = YES;
				CLANG_WARN_OBJC_ROOT_CLASS = YES_ERROR;
				CLANG_WARN_QUOTED_INCLUDE_IN_FRAMEWORK_HEADER = YES;
				CLANG_WARN_RANGE_LOOP_ANALYSIS = YES;
				CLANG_WARN_STRICT_PROTOTYPES = YES;
				CLANG_WARN_SUSPICIOUS_MOVE = YES;
				CLANG_WARN_UNGUARDED_AVAILABILITY = YES_AGGRESSIVE;
				CLANG_WARN_UNREACHABLE_CODE = YES;
				CLANG_WARN__DUPLICATE_METHOD_MATCH = YES;
				COPY_PHASE_STRIP = NO;
				DEBUG_INFORMATION_FORMAT = dwarf;
				ENABLE_STRICT_OBJC_MSGSEND = YES;
				ENABLE_TESTABILITY = YES;
				GCC_C_LANGUAGE_STANDARD = gnu11;
				GCC_DYNAMIC_NO_PIC = NO;
				GCC_NO_COMMON_BLOCKS = YES;
				GCC_OPTIMIZATION_LEVEL = 0;
				GCC_PREPROCESSOR_DEFINITIONS = (
					"DEBUG=1",
					"$(inherited)",
				);
				GCC_WARN_64_TO_32_BIT_CONVERSION = YES;
				GCC_WARN_ABOUT_RETURN_TYPE = YES_ERROR;
				GCC_WARN_UNDECLARED_SELECTOR = YES;
				GCC_WARN_UNINITIALIZED_AUTOS = YES_AGGRESSIVE;
				GCC_WARN_UNUSED_FUNCTION = YES;
				GCC_WARN_UNUSED_VARIABLE = YES;
				IPHONEOS_DEPLOYMENT_TARGET = 15.5;
				MTL_ENABLE_DEBUG_INFO = INCLUDE_SOURCE;
				MTL_FAST_MATH = YES;
				ONLY_ACTIVE_ARCH = YES;
				SDKROOT = iphoneos;
				SWIFT_ACTIVE_COMPILATION_CONDITIONS = DEBUG;
				SWIFT_OPTIMIZATION_LEVEL = "-Onone";
			};
			name = Debug;
		};
		75552E5B28766C0F0016CC6A /* Release */ = {
			isa = XCBuildConfiguration;
			buildSettings = {
				ALWAYS_SEARCH_USER_PATHS = NO;
				CLANG_ANALYZER_NONNULL = YES;
				CLANG_ANALYZER_NUMBER_OBJECT_CONVERSION = YES_AGGRESSIVE;
				CLANG_CXX_LANGUAGE_STANDARD = "gnu++17";
				CLANG_ENABLE_MODULES = YES;
				CLANG_ENABLE_OBJC_ARC = YES;
				CLANG_ENABLE_OBJC_WEAK = YES;
				CLANG_WARN_BLOCK_CAPTURE_AUTORELEASING = YES;
				CLANG_WARN_BOOL_CONVERSION = YES;
				CLANG_WARN_COMMA = YES;
				CLANG_WARN_CONSTANT_CONVERSION = YES;
				CLANG_WARN_DEPRECATED_OBJC_IMPLEMENTATIONS = YES;
				CLANG_WARN_DIRECT_OBJC_ISA_USAGE = YES_ERROR;
				CLANG_WARN_DOCUMENTATION_COMMENTS = YES;
				CLANG_WARN_EMPTY_BODY = YES;
				CLANG_WARN_ENUM_CONVERSION = YES;
				CLANG_WARN_INFINITE_RECURSION = YES;
				CLANG_WARN_INT_CONVERSION = YES;
				CLANG_WARN_NON_LITERAL_NULL_CONVERSION = YES;
				CLANG_WARN_OBJC_IMPLICIT_RETAIN_SELF = YES;
				CLANG_WARN_OBJC_LITERAL_CONVERSION = YES;
				CLANG_WARN_OBJC_ROOT_CLASS = YES_ERROR;
				CLANG_WARN_QUOTED_INCLUDE_IN_FRAMEWORK_HEADER = YES;
				CLANG_WARN_RANGE_LOOP_ANALYSIS = YES;
				CLANG_WARN_STRICT_PROTOTYPES = YES;
				CLANG_WARN_SUSPICIOUS_MOVE = YES;
				CLANG_WARN_UNGUARDED_AVAILABILITY = YES_AGGRESSIVE;
				CLANG_WARN_UNREACHABLE_CODE = YES;
				CLANG_WARN__DUPLICATE_METHOD_MATCH = YES;
				COPY_PHASE_STRIP = NO;
				DEBUG_INFORMATION_FORMAT = "dwarf-with-dsym";
				ENABLE_NS_ASSERTIONS = NO;
				ENABLE_STRICT_OBJC_MSGSEND = YES;
				GCC_C_LANGUAGE_STANDARD = gnu11;
				GCC_NO_COMMON_BLOCKS = YES;
				GCC_WARN_64_TO_32_BIT_CONVERSION = YES;
				GCC_WARN_ABOUT_RETURN_TYPE = YES_ERROR;
				GCC_WARN_UNDECLARED_SELECTOR = YES;
				GCC_WARN_UNINITIALIZED_AUTOS = YES_AGGRESSIVE;
				GCC_WARN_UNUSED_FUNCTION = YES;
				GCC_WARN_UNUSED_VARIABLE = YES;
				IPHONEOS_DEPLOYMENT_TARGET = 15.5;
				MTL_ENABLE_DEBUG_INFO = NO;
				MTL_FAST_MATH = YES;
				SDKROOT = iphoneos;
				SWIFT_COMPILATION_MODE = wholemodule;
				SWIFT_OPTIMIZATION_LEVEL = "-O";
				VALIDATE_PRODUCT = YES;
			};
			name = Release;
		};
		75552E5D28766C0F0016CC6A /* Debug */ = {
			isa = XCBuildConfiguration;
			buildSettings = {
				ASSETCATALOG_COMPILER_APPICON_NAME = AppIcon;
				ASSETCATALOG_COMPILER_GLOBAL_ACCENT_COLOR_NAME = AccentColor;
				CODE_SIGN_STYLE = Automatic;
				CURRENT_PROJECT_VERSION = 1;
				DEVELOPMENT_ASSET_PATHS = "\"gamelist/Preview Content\"";
				DEVELOPMENT_TEAM = A9AVR2YEBZ;
				ENABLE_PREVIEWS = YES;
				GENERATE_INFOPLIST_FILE = YES;
				INFOPLIST_KEY_UIApplicationSceneManifest_Generation = YES;
				INFOPLIST_KEY_UIApplicationSupportsIndirectInputEvents = YES;
				INFOPLIST_KEY_UILaunchScreen_Generation = YES;
				INFOPLIST_KEY_UISupportedInterfaceOrientations_iPad = "UIInterfaceOrientationPortrait UIInterfaceOrientationPortraitUpsideDown UIInterfaceOrientationLandscapeLeft UIInterfaceOrientationLandscapeRight";
				INFOPLIST_KEY_UISupportedInterfaceOrientations_iPhone = "UIInterfaceOrientationPortrait UIInterfaceOrientationLandscapeLeft UIInterfaceOrientationLandscapeRight";
				LD_RUNPATH_SEARCH_PATHS = (
					"$(inherited)",
					"@executable_path/Frameworks",
				);
				MARKETING_VERSION = 1.0;
				PRODUCT_BUNDLE_IDENTIFIER = monz.gamelist;
				PRODUCT_NAME = gamelist;
				SWIFT_EMIT_LOC_STRINGS = YES;
				SWIFT_VERSION = 5.0;
				TARGETED_DEVICE_FAMILY = 1;
			};
			name = Debug;
		};
		75552E5E28766C0F0016CC6A /* Release */ = {
			isa = XCBuildConfiguration;
			buildSettings = {
				ASSETCATALOG_COMPILER_APPICON_NAME = AppIcon;
				ASSETCATALOG_COMPILER_GLOBAL_ACCENT_COLOR_NAME = AccentColor;
				CODE_SIGN_STYLE = Automatic;
				CURRENT_PROJECT_VERSION = 1;
				DEVELOPMENT_ASSET_PATHS = "\"gamelist/Preview Content\"";
				DEVELOPMENT_TEAM = A9AVR2YEBZ;
				ENABLE_PREVIEWS = YES;
				GENERATE_INFOPLIST_FILE = YES;
				INFOPLIST_KEY_UIApplicationSceneManifest_Generation = YES;
				INFOPLIST_KEY_UIApplicationSupportsIndirectInputEvents = YES;
				INFOPLIST_KEY_UILaunchScreen_Generation = YES;
				INFOPLIST_KEY_UISupportedInterfaceOrientations_iPad = "UIInterfaceOrientationPortrait UIInterfaceOrientationPortraitUpsideDown UIInterfaceOrientationLandscapeLeft UIInterfaceOrientationLandscapeRight";
				INFOPLIST_KEY_UISupportedInterfaceOrientations_iPhone = "UIInterfaceOrientationPortrait UIInterfaceOrientationLandscapeLeft UIInterfaceOrientationLandscapeRight";
				LD_RUNPATH_SEARCH_PATHS = (
					"$(inherited)",
					"@executable_path/Frameworks",
				);
				MARKETING_VERSION = 1.0;
				PRODUCT_BUNDLE_IDENTIFIER = monz.gamelist;
				PRODUCT_NAME = gamelist;
				SWIFT_EMIT_LOC_STRINGS = YES;
				SWIFT_VERSION = 5.0;
				TARGETED_DEVICE_FAMILY = 1;
			};
			name = Release;
		};
		75552E6028766C0F0016CC6A /* Debug */ = {
			isa = XCBuildConfiguration;
			buildSettings = {
				ALWAYS_EMBED_SWIFT_STANDARD_LIBRARIES = YES;
				BUNDLE_LOADER = "$(TEST_HOST)";
				CODE_SIGN_STYLE = Automatic;
				CURRENT_PROJECT_VERSION = 1;
				GENERATE_INFOPLIST_FILE = YES;
				IPHONEOS_DEPLOYMENT_TARGET = 15.5;
				MARKETING_VERSION = 1.0;
				PRODUCT_BUNDLE_IDENTIFIER = monz.gamelistTests;
				PRODUCT_NAME = "$(TARGET_NAME)";
				SWIFT_EMIT_LOC_STRINGS = NO;
				SWIFT_VERSION = 5.0;
				TARGETED_DEVICE_FAMILY = "1,2";
				TEST_HOST = "$(BUILT_PRODUCTS_DIR)/gamelist.app/gamelist";
			};
			name = Debug;
		};
		75552E6128766C0F0016CC6A /* Release */ = {
			isa = XCBuildConfiguration;
			buildSettings = {
				ALWAYS_EMBED_SWIFT_STANDARD_LIBRARIES = YES;
				BUNDLE_LOADER = "$(TEST_HOST)";
				CODE_SIGN_STYLE = Automatic;
				CURRENT_PROJECT_VERSION = 1;
				GENERATE_INFOPLIST_FILE = YES;
				IPHONEOS_DEPLOYMENT_TARGET = 15.5;
				MARKETING_VERSION = 1.0;
				PRODUCT_BUNDLE_IDENTIFIER = monz.gamelistTests;
				PRODUCT_NAME = "$(TARGET_NAME)";
				SWIFT_EMIT_LOC_STRINGS = NO;
				SWIFT_VERSION = 5.0;
				TARGETED_DEVICE_FAMILY = "1,2";
				TEST_HOST = "$(BUILT_PRODUCTS_DIR)/gamelist.app/gamelist";
			};
			name = Release;
		};
		75552E6328766C0F0016CC6A /* Debug */ = {
			isa = XCBuildConfiguration;
			buildSettings = {
				ALWAYS_EMBED_SWIFT_STANDARD_LIBRARIES = YES;
				CODE_SIGN_STYLE = Automatic;
				CURRENT_PROJECT_VERSION = 1;
				GENERATE_INFOPLIST_FILE = YES;
				MARKETING_VERSION = 1.0;
				PRODUCT_BUNDLE_IDENTIFIER = monz.gamelistUITests;
				PRODUCT_NAME = "$(TARGET_NAME)";
				SWIFT_EMIT_LOC_STRINGS = NO;
				SWIFT_VERSION = 5.0;
				TARGETED_DEVICE_FAMILY = "1,2";
				TEST_TARGET_NAME = gamelist;
			};
			name = Debug;
		};
		75552E6428766C0F0016CC6A /* Release */ = {
			isa = XCBuildConfiguration;
			buildSettings = {
				ALWAYS_EMBED_SWIFT_STANDARD_LIBRARIES = YES;
				CODE_SIGN_STYLE = Automatic;
				CURRENT_PROJECT_VERSION = 1;
				GENERATE_INFOPLIST_FILE = YES;
				MARKETING_VERSION = 1.0;
				PRODUCT_BUNDLE_IDENTIFIER = monz.gamelistUITests;
				PRODUCT_NAME = "$(TARGET_NAME)";
				SWIFT_EMIT_LOC_STRINGS = NO;
				SWIFT_VERSION = 5.0;
				TARGETED_DEVICE_FAMILY = "1,2";
				TEST_TARGET_NAME = gamelist;
			};
			name = Release;
		};
/* End XCBuildConfiguration section */

/* Begin XCConfigurationList section */
		75552E3328766C0E0016CC6A /* Build configuration list for PBXProject "gamelist" */ = {
			isa = XCConfigurationList;
			buildConfigurations = (
				75552E5A28766C0F0016CC6A /* Debug */,
				75552E5B28766C0F0016CC6A /* Release */,
			);
			defaultConfigurationIsVisible = 0;
			defaultConfigurationName = Release;
		};
		75552E5C28766C0F0016CC6A /* Build configuration list for PBXNativeTarget "gamelist" */ = {
			isa = XCConfigurationList;
			buildConfigurations = (
				75552E5D28766C0F0016CC6A /* Debug */,
				75552E5E28766C0F0016CC6A /* Release */,
			);
			defaultConfigurationIsVisible = 0;
			defaultConfigurationName = Release;
		};
		75552E5F28766C0F0016CC6A /* Build configuration list for PBXNativeTarget "gamelistTests" */ = {
			isa = XCConfigurationList;
			buildConfigurations = (
				75552E6028766C0F0016CC6A /* Debug */,
				75552E6128766C0F0016CC6A /* Release */,
			);
			defaultConfigurationIsVisible = 0;
			defaultConfigurationName = Release;
		};
		75552E6228766C0F0016CC6A /* Build configuration list for PBXNativeTarget "gamelistUITests" */ = {
			isa = XCConfigurationList;
			buildConfigurations = (
				75552E6328766C0F0016CC6A /* Debug */,
				75552E6428766C0F0016CC6A /* Release */,
			);
			defaultConfigurationIsVisible = 0;
			defaultConfigurationName = Release;
		};
/* End XCConfigurationList section */
	};
	rootObject = 75552E3028766C0E0016CC6A /* Project object */;
}
